
Microsoft Visual Studio Solution File, Format Version 12.00
# Visual Studio Version 17
VisualStudioVersion = 17.12.35707.178 d17.12
MinimumVisualStudioVersion = 10.0.40219.1
Project("{FAE04EC0-301F-11D3-BF4B-00C04F79EFBC}") = "DealAgentBot", "DealAgentBot\DealAgentBot.csproj", "{1FEBC04E-1EA5-448C-9A9A-40A4ED006ACA}"
EndProject
Global
	GlobalSection(SolutionConfigurationPlatforms) = preSolution
		Debug|Any CPU = Debug|Any CPU
		Release|Any CPU = Release|Any CPU
	EndGlobalSection
	GlobalSection(ProjectConfigurationPlatforms) = postSolution
		{1FEBC04E-1EA5-448C-9A9A-40A4ED006ACA}.Debug|Any CPU.ActiveCfg = Debug|Any CPU
		{1FEBC04E-1EA5-448C-9A9A-40A4ED006ACA}.Debug|Any CPU.Build.0 = Debug|Any CPU
		{1FEBC04E-1EA5-448C-9A9A-40A4ED006ACA}.Release|Any CPU.ActiveCfg = Release|Any CPU
		{1FEBC04E-1EA5-448C-9A9A-40A4ED006ACA}.Release|Any CPU.Build.0 = Release|Any CPU
	EndGlobalSection
	GlobalSection(SolutionProperties) = preSolution
		HideSolutionNode = FALSE
	EndGlobalSection
EndGlobal
